
Microsoft Visual Studio Solution File, Format Version 12.00
# Visual Studio 14
VisualStudioVersion = 14.0.25420.1
MinimumVisualStudioVersion = 10.0.40219.1
Project("{FAE04EC0-301F-11D3-BF4B-00C04F79EFBC}") = "GopherServer.Server", "GopherServer\GopherServer.Server.csproj", "{725CCF52-F3AC-4D27-9552-FC8E12634D22}"
EndProject
Project("{FAE04EC0-301F-11D3-BF4B-00C04F79EFBC}") = "GopherServer.Providers.FileProvider", "GopherServer.Providers.FileProvider\GopherServer.Providers.FileProvider.csproj", "{42ED6433-C91A-449D-9CEF-BF3C7F006FF0}"
EndProject
Project("{FAE04EC0-301F-11D3-BF4B-00C04F79EFBC}") = "GopherServer.Providers.WpJson", "GopherServer.Providers.WpJson\GopherServer.Providers.WpJson.csproj", "{875D31FD-0189-4C17-91FB-A70AE853BEA3}"
EndProject
Project("{FAE04EC0-301F-11D3-BF4B-00C04F79EFBC}") = "GopherServer.Core", "GopherServer.Providers\GopherServer.Core.csproj", "{AC231F71-1AAB-4A7B-BB88-A1A17B5DD5C7}"
EndProject
Global
	GlobalSection(SolutionConfigurationPlatforms) = preSolution
		Debug|Any CPU = Debug|Any CPU
		Release|Any CPU = Release|Any CPU
	EndGlobalSection
	GlobalSection(ProjectConfigurationPlatforms) = postSolution
		{725CCF52-F3AC-4D27-9552-FC8E12634D22}.Debug|Any CPU.ActiveCfg = Debug|Any CPU
		{725CCF52-F3AC-4D27-9552-FC8E12634D22}.Debug|Any CPU.Build.0 = Debug|Any CPU
		{725CCF52-F3AC-4D27-9552-FC8E12634D22}.Release|Any CPU.ActiveCfg = Release|Any CPU
		{725CCF52-F3AC-4D27-9552-FC8E12634D22}.Release|Any CPU.Build.0 = Release|Any CPU
		{42ED6433-C91A-449D-9CEF-BF3C7F006FF0}.Debug|Any CPU.ActiveCfg = Debug|Any CPU
		{42ED6433-C91A-449D-9CEF-BF3C7F006FF0}.Debug|Any CPU.Build.0 = Debug|Any CPU
		{42ED6433-C91A-449D-9CEF-BF3C7F006FF0}.Release|Any CPU.ActiveCfg = Release|Any CPU
		{42ED6433-C91A-449D-9CEF-BF3C7F006FF0}.Release|Any CPU.Build.0 = Release|Any CPU
		{875D31FD-0189-4C17-91FB-A70AE853BEA3}.Debug|Any CPU.ActiveCfg = Debug|Any CPU
		{875D31FD-0189-4C17-91FB-A70AE853BEA3}.Debug|Any CPU.Build.0 = Debug|Any CPU
		{875D31FD-0189-4C17-91FB-A70AE853BEA3}.Release|Any CPU.ActiveCfg = Release|Any CPU
		{875D31FD-0189-4C17-91FB-A70AE853BEA3}.Release|Any CPU.Build.0 = Release|Any CPU
		{AC231F71-1AAB-4A7B-BB88-A1A17B5DD5C7}.Debug|Any CPU.ActiveCfg = Debug|Any CPU
		{AC231F71-1AAB-4A7B-BB88-A1A17B5DD5C7}.Debug|Any CPU.Build.0 = Debug|Any CPU
		{AC231F71-1AAB-4A7B-BB88-A1A17B5DD5C7}.Release|Any CPU.ActiveCfg = Release|Any CPU
		{AC231F71-1AAB-4A7B-BB88-A1A17B5DD5C7}.Release|Any CPU.Build.0 = Release|Any CPU
	EndGlobalSection
	GlobalSection(SolutionProperties) = preSolution
		HideSolutionNode = FALSE
	EndGlobalSection
EndGlobal
