
Microsoft Visual Studio Solution File, Format Version 12.00
# Visual Studio 15
VisualStudioVersion = 15.0.26124.0
MinimumVisualStudioVersion = 15.0.26124.0
Project("{FAE04EC0-301F-11D3-BF4B-00C04F79EFBC}") = "GopherServer", "GopherServer\GopherServer.csproj", "{9C8F5CF8-7267-4653-A8FE-F6902345814F}"
EndProject
Project("{FAE04EC0-301F-11D3-BF4B-00C04F79EFBC}") = "GopherServer.Core", "GopherServer.Core\GopherServer.Core.csproj", "{7735DC4B-E628-4D5C-8A3A-BDB19FD11131}"
EndProject
Project("{FAE04EC0-301F-11D3-BF4B-00C04F79EFBC}") = "GopherServer.Providers.MacintoshGarden", "GopherServer.Providers.MacintoshGarden\GopherServer.Providers.MacintoshGarden.csproj", "{80A9B15D-DB4D-4EA0-A701-3E0E5CFF14F2}"
EndProject
Project("{FAE04EC0-301F-11D3-BF4B-00C04F79EFBC}") = "GopherServer.Providers.Rss", "GopherServer.Providers.Rss\GopherServer.Providers.Rss.csproj", "{6CCAB066-D03C-437A-9EB7-6810C77CDE89}"
EndProject
Project("{FAE04EC0-301F-11D3-BF4B-00C04F79EFBC}") = "GopherServer.Providers.WpJson", "GopherServer.Providers.WpJson\GopherServer.Providers.WpJson.csproj", "{BE800704-34D3-4A1A-8BB0-39DCAE7A135D}"
EndProject
Project("{FAE04EC0-301F-11D3-BF4B-00C04F79EFBC}") = "GopherServer.Providers.FileProvider", "GopherServer.Providers.FileProvider\GopherServer.Providers.FileProvider.csproj", "{BA99491D-F890-4697-94C8-75B18FE22455}"
EndProject
Global
	GlobalSection(SolutionConfigurationPlatforms) = preSolution
		Debug|Any CPU = Debug|Any CPU
		Debug|x64 = Debug|x64
		Debug|x86 = Debug|x86
		Release|Any CPU = Release|Any CPU
		Release|x64 = Release|x64
		Release|x86 = Release|x86
	EndGlobalSection
	GlobalSection(SolutionProperties) = preSolution
		HideSolutionNode = FALSE
	EndGlobalSection
	GlobalSection(ProjectConfigurationPlatforms) = postSolution
		{9C8F5CF8-7267-4653-A8FE-F6902345814F}.Debug|Any CPU.ActiveCfg = Debug|Any CPU
		{9C8F5CF8-7267-4653-A8FE-F6902345814F}.Debug|Any CPU.Build.0 = Debug|Any CPU
		{9C8F5CF8-7267-4653-A8FE-F6902345814F}.Debug|x64.ActiveCfg = Debug|Any CPU
		{9C8F5CF8-7267-4653-A8FE-F6902345814F}.Debug|x64.Build.0 = Debug|Any CPU
		{9C8F5CF8-7267-4653-A8FE-F6902345814F}.Debug|x86.ActiveCfg = Debug|Any CPU
		{9C8F5CF8-7267-4653-A8FE-F6902345814F}.Debug|x86.Build.0 = Debug|Any CPU
		{9C8F5CF8-7267-4653-A8FE-F6902345814F}.Release|Any CPU.ActiveCfg = Release|Any CPU
		{9C8F5CF8-7267-4653-A8FE-F6902345814F}.Release|Any CPU.Build.0 = Release|Any CPU
		{9C8F5CF8-7267-4653-A8FE-F6902345814F}.Release|x64.ActiveCfg = Release|Any CPU
		{9C8F5CF8-7267-4653-A8FE-F6902345814F}.Release|x64.Build.0 = Release|Any CPU
		{9C8F5CF8-7267-4653-A8FE-F6902345814F}.Release|x86.ActiveCfg = Release|Any CPU
		{9C8F5CF8-7267-4653-A8FE-F6902345814F}.Release|x86.Build.0 = Release|Any CPU
		{7735DC4B-E628-4D5C-8A3A-BDB19FD11131}.Debug|Any CPU.ActiveCfg = Debug|Any CPU
		{7735DC4B-E628-4D5C-8A3A-BDB19FD11131}.Debug|Any CPU.Build.0 = Debug|Any CPU
		{7735DC4B-E628-4D5C-8A3A-BDB19FD11131}.Debug|x64.ActiveCfg = Debug|Any CPU
		{7735DC4B-E628-4D5C-8A3A-BDB19FD11131}.Debug|x64.Build.0 = Debug|Any CPU
		{7735DC4B-E628-4D5C-8A3A-BDB19FD11131}.Debug|x86.ActiveCfg = Debug|Any CPU
		{7735DC4B-E628-4D5C-8A3A-BDB19FD11131}.Debug|x86.Build.0 = Debug|Any CPU
		{7735DC4B-E628-4D5C-8A3A-BDB19FD11131}.Release|Any CPU.ActiveCfg = Release|Any CPU
		{7735DC4B-E628-4D5C-8A3A-BDB19FD11131}.Release|Any CPU.Build.0 = Release|Any CPU
		{7735DC4B-E628-4D5C-8A3A-BDB19FD11131}.Release|x64.ActiveCfg = Release|Any CPU
		{7735DC4B-E628-4D5C-8A3A-BDB19FD11131}.Release|x64.Build.0 = Release|Any CPU
		{7735DC4B-E628-4D5C-8A3A-BDB19FD11131}.Release|x86.ActiveCfg = Release|Any CPU
		{7735DC4B-E628-4D5C-8A3A-BDB19FD11131}.Release|x86.Build.0 = Release|Any CPU
		{80A9B15D-DB4D-4EA0-A701-3E0E5CFF14F2}.Debug|Any CPU.ActiveCfg = Debug|Any CPU
		{80A9B15D-DB4D-4EA0-A701-3E0E5CFF14F2}.Debug|Any CPU.Build.0 = Debug|Any CPU
		{80A9B15D-DB4D-4EA0-A701-3E0E5CFF14F2}.Debug|x64.ActiveCfg = Debug|Any CPU
		{80A9B15D-DB4D-4EA0-A701-3E0E5CFF14F2}.Debug|x64.Build.0 = Debug|Any CPU
		{80A9B15D-DB4D-4EA0-A701-3E0E5CFF14F2}.Debug|x86.ActiveCfg = Debug|Any CPU
		{80A9B15D-DB4D-4EA0-A701-3E0E5CFF14F2}.Debug|x86.Build.0 = Debug|Any CPU
		{80A9B15D-DB4D-4EA0-A701-3E0E5CFF14F2}.Release|Any CPU.ActiveCfg = Release|Any CPU
		{80A9B15D-DB4D-4EA0-A701-3E0E5CFF14F2}.Release|Any CPU.Build.0 = Release|Any CPU
		{80A9B15D-DB4D-4EA0-A701-3E0E5CFF14F2}.Release|x64.ActiveCfg = Release|Any CPU
		{80A9B15D-DB4D-4EA0-A701-3E0E5CFF14F2}.Release|x64.Build.0 = Release|Any CPU
		{80A9B15D-DB4D-4EA0-A701-3E0E5CFF14F2}.Release|x86.ActiveCfg = Release|Any CPU
		{80A9B15D-DB4D-4EA0-A701-3E0E5CFF14F2}.Release|x86.Build.0 = Release|Any CPU
		{6CCAB066-D03C-437A-9EB7-6810C77CDE89}.Debug|Any CPU.ActiveCfg = Debug|Any CPU
		{6CCAB066-D03C-437A-9EB7-6810C77CDE89}.Debug|Any CPU.Build.0 = Debug|Any CPU
		{6CCAB066-D03C-437A-9EB7-6810C77CDE89}.Debug|x64.ActiveCfg = Debug|Any CPU
		{6CCAB066-D03C-437A-9EB7-6810C77CDE89}.Debug|x64.Build.0 = Debug|Any CPU
		{6CCAB066-D03C-437A-9EB7-6810C77CDE89}.Debug|x86.ActiveCfg = Debug|Any CPU
		{6CCAB066-D03C-437A-9EB7-6810C77CDE89}.Debug|x86.Build.0 = Debug|Any CPU
		{6CCAB066-D03C-437A-9EB7-6810C77CDE89}.Release|Any CPU.ActiveCfg = Release|Any CPU
		{6CCAB066-D03C-437A-9EB7-6810C77CDE89}.Release|Any CPU.Build.0 = Release|Any CPU
		{6CCAB066-D03C-437A-9EB7-6810C77CDE89}.Release|x64.ActiveCfg = Release|Any CPU
		{6CCAB066-D03C-437A-9EB7-6810C77CDE89}.Release|x64.Build.0 = Release|Any CPU
		{6CCAB066-D03C-437A-9EB7-6810C77CDE89}.Release|x86.ActiveCfg = Release|Any CPU
		{6CCAB066-D03C-437A-9EB7-6810C77CDE89}.Release|x86.Build.0 = Release|Any CPU
		{BE800704-34D3-4A1A-8BB0-39DCAE7A135D}.Debug|Any CPU.ActiveCfg = Debug|Any CPU
		{BE800704-34D3-4A1A-8BB0-39DCAE7A135D}.Debug|Any CPU.Build.0 = Debug|Any CPU
		{BE800704-34D3-4A1A-8BB0-39DCAE7A135D}.Debug|x64.ActiveCfg = Debug|Any CPU
		{BE800704-34D3-4A1A-8BB0-39DCAE7A135D}.Debug|x64.Build.0 = Debug|Any CPU
		{BE800704-34D3-4A1A-8BB0-39DCAE7A135D}.Debug|x86.ActiveCfg = Debug|Any CPU
		{BE800704-34D3-4A1A-8BB0-39DCAE7A135D}.Debug|x86.Build.0 = Debug|Any CPU
		{BE800704-34D3-4A1A-8BB0-39DCAE7A135D}.Release|Any CPU.ActiveCfg = Release|Any CPU
		{BE800704-34D3-4A1A-8BB0-39DCAE7A135D}.Release|Any CPU.Build.0 = Release|Any CPU
		{BE800704-34D3-4A1A-8BB0-39DCAE7A135D}.Release|x64.ActiveCfg = Release|Any CPU
		{BE800704-34D3-4A1A-8BB0-39DCAE7A135D}.Release|x64.Build.0 = Release|Any CPU
		{BE800704-34D3-4A1A-8BB0-39DCAE7A135D}.Release|x86.ActiveCfg = Release|Any CPU
		{BE800704-34D3-4A1A-8BB0-39DCAE7A135D}.Release|x86.Build.0 = Release|Any CPU
		{BA99491D-F890-4697-94C8-75B18FE22455}.Debug|Any CPU.ActiveCfg = Debug|Any CPU
		{BA99491D-F890-4697-94C8-75B18FE22455}.Debug|Any CPU.Build.0 = Debug|Any CPU
		{BA99491D-F890-4697-94C8-75B18FE22455}.Debug|x64.ActiveCfg = Debug|Any CPU
		{BA99491D-F890-4697-94C8-75B18FE22455}.Debug|x64.Build.0 = Debug|Any CPU
		{BA99491D-F890-4697-94C8-75B18FE22455}.Debug|x86.ActiveCfg = Debug|Any CPU
		{BA99491D-F890-4697-94C8-75B18FE22455}.Debug|x86.Build.0 = Debug|Any CPU
		{BA99491D-F890-4697-94C8-75B18FE22455}.Release|Any CPU.ActiveCfg = Release|Any CPU
		{BA99491D-F890-4697-94C8-75B18FE22455}.Release|Any CPU.Build.0 = Release|Any CPU
		{BA99491D-F890-4697-94C8-75B18FE22455}.Release|x64.ActiveCfg = Release|Any CPU
		{BA99491D-F890-4697-94C8-75B18FE22455}.Release|x64.Build.0 = Release|Any CPU
		{BA99491D-F890-4697-94C8-75B18FE22455}.Release|x86.ActiveCfg = Release|Any CPU
		{BA99491D-F890-4697-94C8-75B18FE22455}.Release|x86.Build.0 = Release|Any CPU
	EndGlobalSection
EndGlobal
